
Microsoft Visual Studio Solution File, Format Version 12.00
# Visual Studio Version 17
VisualStudioVersion = 17.0.32126.317
MinimumVisualStudioVersion = 10.0.40219.1
Project("{FAE04EC0-301F-11D3-BF4B-00C04F79EFBC}") = "ConsultaLinq", "ConsultaLinq.csproj", "{04B8342F-54F4-4DD6-B777-A1FB83652DD8}"
EndProject
Global
	GlobalSection(SolutionConfigurationPlatforms) = preSolution
		Debug|Any CPU = Debug|Any CPU
		Release|Any CPU = Release|Any CPU
	EndGlobalSection
	GlobalSection(ProjectConfigurationPlatforms) = postSolution
		{04B8342F-54F4-4DD6-B777-A1FB83652DD8}.Debug|Any CPU.ActiveCfg = Debug|Any CPU
		{04B8342F-54F4-4DD6-B777-A1FB83652DD8}.Debug|Any CPU.Build.0 = Debug|Any CPU
		{04B8342F-54F4-4DD6-B777-A1FB83652DD8}.Release|Any CPU.ActiveCfg = Release|Any CPU
		{04B8342F-54F4-4DD6-B777-A1FB83652DD8}.Release|Any CPU.Build.0 = Release|Any CPU
	EndGlobalSection
	GlobalSection(SolutionProperties) = preSolution
		HideSolutionNode = FALSE
	EndGlobalSection
	GlobalSection(ExtensibilityGlobals) = postSolution
		SolutionGuid = {1C812E1D-77D2-4432-9095-7DA0758CC840}
	EndGlobalSection
EndGlobal
